
Microsoft Visual Studio Solution File, Format Version 12.00
# Visual Studio Version 17
VisualStudioVersion = 17.14.36518.9 d17.14
MinimumVisualStudioVersion = 10.0.40219.1
Project("{FAE04EC0-301F-11D3-BF4B-00C04F79EFBC}") = "Verasium.Cli", "Verasium.Cli\Verasium.Cli.csproj", "{8C41EFF2-7E1E-496E-9870-64E340B5F6E5}"
EndProject
Project("{FAE04EC0-301F-11D3-BF4B-00C04F79EFBC}") = "Verasium.Core", "Verasium.Core\Verasium.Core.csproj", "{FE0078C6-F6AC-4601-B99D-986CA2160978}"
EndProject
Global
	GlobalSection(SolutionConfigurationPlatforms) = preSolution
		Debug|Any CPU = Debug|Any CPU
		Release|Any CPU = Release|Any CPU
	EndGlobalSection
	GlobalSection(ProjectConfigurationPlatforms) = postSolution
		{8C41EFF2-7E1E-496E-9870-64E340B5F6E5}.Debug|Any CPU.ActiveCfg = Debug|Any CPU
		{8C41EFF2-7E1E-496E-9870-64E340B5F6E5}.Debug|Any CPU.Build.0 = Debug|Any CPU
		{8C41EFF2-7E1E-496E-9870-64E340B5F6E5}.Release|Any CPU.ActiveCfg = Release|Any CPU
		{8C41EFF2-7E1E-496E-9870-64E340B5F6E5}.Release|Any CPU.Build.0 = Release|Any CPU
		{FE0078C6-F6AC-4601-B99D-986CA2160978}.Debug|Any CPU.ActiveCfg = Debug|Any CPU
		{FE0078C6-F6AC-4601-B99D-986CA2160978}.Debug|Any CPU.Build.0 = Debug|Any CPU
		{FE0078C6-F6AC-4601-B99D-986CA2160978}.Release|Any CPU.ActiveCfg = Release|Any CPU
		{FE0078C6-F6AC-4601-B99D-986CA2160978}.Release|Any CPU.Build.0 = Release|Any CPU
	EndGlobalSection
	GlobalSection(SolutionProperties) = preSolution
		HideSolutionNode = FALSE
	EndGlobalSection
	GlobalSection(ExtensibilityGlobals) = postSolution
		SolutionGuid = {86D0966F-F336-4BD1-B3DC-6AF5A90FC73F}
	EndGlobalSection
EndGlobal
